
Microsoft Visual Studio Solution File, Format Version 12.00
# Visual Studio Version 16
VisualStudioVersion = 16.0.31729.503
MinimumVisualStudioVersion = 10.0.40219.1
Project("{FAE04EC0-301F-11D3-BF4B-00C04F79EFBC}") = "MultiThreadingInWinForms", "MultiThreadingInWinForms\MultiThreadingInWinForms.csproj", "{5D609B22-0D56-46B2-8FAE-86E2574F52FD}"
EndProject
Global
	GlobalSection(SolutionConfigurationPlatforms) = preSolution
		Debug|Any CPU = Debug|Any CPU
		Release|Any CPU = Release|Any CPU
	EndGlobalSection
	GlobalSection(ProjectConfigurationPlatforms) = postSolution
		{5D609B22-0D56-46B2-8FAE-86E2574F52FD}.Debug|Any CPU.ActiveCfg = Debug|Any CPU
		{5D609B22-0D56-46B2-8FAE-86E2574F52FD}.Debug|Any CPU.Build.0 = Debug|Any CPU
		{5D609B22-0D56-46B2-8FAE-86E2574F52FD}.Release|Any CPU.ActiveCfg = Release|Any CPU
		{5D609B22-0D56-46B2-8FAE-86E2574F52FD}.Release|Any CPU.Build.0 = Release|Any CPU
	EndGlobalSection
	GlobalSection(SolutionProperties) = preSolution
		HideSolutionNode = FALSE
	EndGlobalSection
	GlobalSection(ExtensibilityGlobals) = postSolution
		SolutionGuid = {782385F1-2A95-402F-B6C3-71DAA1AFACEA}
	EndGlobalSection
EndGlobal
