
Microsoft Visual Studio Solution File, Format Version 12.00
# Visual Studio Version 16
VisualStudioVersion = 16.0.31729.503
MinimumVisualStudioVersion = 10.0.40219.1
Project("{FAE04EC0-301F-11D3-BF4B-00C04F79EFBC}") = "GenericTypes", "GenericTypes\GenericTypes.csproj", "{8D093700-C041-4006-9BDD-88964EBC6EA6}"
EndProject
Global
	GlobalSection(SolutionConfigurationPlatforms) = preSolution
		Debug|Any CPU = Debug|Any CPU
		Release|Any CPU = Release|Any CPU
	EndGlobalSection
	GlobalSection(ProjectConfigurationPlatforms) = postSolution
		{8D093700-C041-4006-9BDD-88964EBC6EA6}.Debug|Any CPU.ActiveCfg = Debug|Any CPU
		{8D093700-C041-4006-9BDD-88964EBC6EA6}.Debug|Any CPU.Build.0 = Debug|Any CPU
		{8D093700-C041-4006-9BDD-88964EBC6EA6}.Release|Any CPU.ActiveCfg = Release|Any CPU
		{8D093700-C041-4006-9BDD-88964EBC6EA6}.Release|Any CPU.Build.0 = Release|Any CPU
	EndGlobalSection
	GlobalSection(SolutionProperties) = preSolution
		HideSolutionNode = FALSE
	EndGlobalSection
	GlobalSection(ExtensibilityGlobals) = postSolution
		SolutionGuid = {C24D2070-7C17-46DD-83E1-E41C53DEA6DA}
	EndGlobalSection
EndGlobal
