
Microsoft Visual Studio Solution File, Format Version 12.00
# Visual Studio Version 16
VisualStudioVersion = 16.0.31729.503
MinimumVisualStudioVersion = 10.0.40219.1
Project("{FAE04EC0-301F-11D3-BF4B-00C04F79EFBC}") = "StructsSample", "StructsSample\StructsSample.csproj", "{60685E87-D0CB-40DC-A088-56182A804C95}"
EndProject
Global
	GlobalSection(SolutionConfigurationPlatforms) = preSolution
		Debug|Any CPU = Debug|Any CPU
		Release|Any CPU = Release|Any CPU
	EndGlobalSection
	GlobalSection(ProjectConfigurationPlatforms) = postSolution
		{60685E87-D0CB-40DC-A088-56182A804C95}.Debug|Any CPU.ActiveCfg = Debug|Any CPU
		{60685E87-D0CB-40DC-A088-56182A804C95}.Debug|Any CPU.Build.0 = Debug|Any CPU
		{60685E87-D0CB-40DC-A088-56182A804C95}.Release|Any CPU.ActiveCfg = Release|Any CPU
		{60685E87-D0CB-40DC-A088-56182A804C95}.Release|Any CPU.Build.0 = Release|Any CPU
	EndGlobalSection
	GlobalSection(SolutionProperties) = preSolution
		HideSolutionNode = FALSE
	EndGlobalSection
	GlobalSection(ExtensibilityGlobals) = postSolution
		SolutionGuid = {101AF0F4-2A8B-4A86-9B96-346EE72ADBE0}
	EndGlobalSection
EndGlobal
