
Microsoft Visual Studio Solution File, Format Version 12.00
# Visual Studio Version 16
VisualStudioVersion = 16.0.31729.503
MinimumVisualStudioVersion = 10.0.40219.1
Project("{FAE04EC0-301F-11D3-BF4B-00C04F79EFBC}") = "Stack", "Stack\Stack.csproj", "{143B5C2A-887E-405F-B113-71D1BD0C3460}"
EndProject
Global
	GlobalSection(SolutionConfigurationPlatforms) = preSolution
		Debug|Any CPU = Debug|Any CPU
		Release|Any CPU = Release|Any CPU
	EndGlobalSection
	GlobalSection(ProjectConfigurationPlatforms) = postSolution
		{143B5C2A-887E-405F-B113-71D1BD0C3460}.Debug|Any CPU.ActiveCfg = Debug|Any CPU
		{143B5C2A-887E-405F-B113-71D1BD0C3460}.Debug|Any CPU.Build.0 = Debug|Any CPU
		{143B5C2A-887E-405F-B113-71D1BD0C3460}.Release|Any CPU.ActiveCfg = Release|Any CPU
		{143B5C2A-887E-405F-B113-71D1BD0C3460}.Release|Any CPU.Build.0 = Release|Any CPU
	EndGlobalSection
	GlobalSection(SolutionProperties) = preSolution
		HideSolutionNode = FALSE
	EndGlobalSection
	GlobalSection(ExtensibilityGlobals) = postSolution
		SolutionGuid = {77AF0D8B-4F8A-471F-BDB8-F582D3D5CEA4}
	EndGlobalSection
EndGlobal
