
Microsoft Visual Studio Solution File, Format Version 12.00
# Visual Studio Version 16
VisualStudioVersion = 16.0.31729.503
MinimumVisualStudioVersion = 10.0.40219.1
Project("{FAE04EC0-301F-11D3-BF4B-00C04F79EFBC}") = "IntConversionToUint", "ConsoleApp1\IntConversionToUint.csproj", "{51A7B712-D61C-4EF5-BEE9-1B28F8A81D18}"
EndProject
Global
	GlobalSection(SolutionConfigurationPlatforms) = preSolution
		Debug|Any CPU = Debug|Any CPU
		Release|Any CPU = Release|Any CPU
	EndGlobalSection
	GlobalSection(ProjectConfigurationPlatforms) = postSolution
		{51A7B712-D61C-4EF5-BEE9-1B28F8A81D18}.Debug|Any CPU.ActiveCfg = Debug|Any CPU
		{51A7B712-D61C-4EF5-BEE9-1B28F8A81D18}.Debug|Any CPU.Build.0 = Debug|Any CPU
		{51A7B712-D61C-4EF5-BEE9-1B28F8A81D18}.Release|Any CPU.ActiveCfg = Release|Any CPU
		{51A7B712-D61C-4EF5-BEE9-1B28F8A81D18}.Release|Any CPU.Build.0 = Release|Any CPU
	EndGlobalSection
	GlobalSection(SolutionProperties) = preSolution
		HideSolutionNode = FALSE
	EndGlobalSection
	GlobalSection(ExtensibilityGlobals) = postSolution
		SolutionGuid = {EEE32130-12C5-4E24-AE9F-21CC97F9705E}
	EndGlobalSection
EndGlobal
