
Microsoft Visual Studio Solution File, Format Version 12.00
# Visual Studio Version 16
VisualStudioVersion = 16.0.31729.503
MinimumVisualStudioVersion = 10.0.40219.1
Project("{FAE04EC0-301F-11D3-BF4B-00C04F79EFBC}") = "Reflection", "Reflection\Reflection.csproj", "{650081D7-B8D3-4130-9741-25B2AEAE40DE}"
EndProject
Global
	GlobalSection(SolutionConfigurationPlatforms) = preSolution
		Debug|Any CPU = Debug|Any CPU
		Release|Any CPU = Release|Any CPU
	EndGlobalSection
	GlobalSection(ProjectConfigurationPlatforms) = postSolution
		{650081D7-B8D3-4130-9741-25B2AEAE40DE}.Debug|Any CPU.ActiveCfg = Debug|Any CPU
		{650081D7-B8D3-4130-9741-25B2AEAE40DE}.Debug|Any CPU.Build.0 = Debug|Any CPU
		{650081D7-B8D3-4130-9741-25B2AEAE40DE}.Release|Any CPU.ActiveCfg = Release|Any CPU
		{650081D7-B8D3-4130-9741-25B2AEAE40DE}.Release|Any CPU.Build.0 = Release|Any CPU
	EndGlobalSection
	GlobalSection(SolutionProperties) = preSolution
		HideSolutionNode = FALSE
	EndGlobalSection
	GlobalSection(ExtensibilityGlobals) = postSolution
		SolutionGuid = {F89EE0C0-8A2B-4CCA-B122-E0A29F41A0D2}
	EndGlobalSection
EndGlobal
